
Microsoft Visual Studio Solution File, Format Version 12.00
# Visual Studio Version 17
VisualStudioVersion = 17.13.35913.81 d17.13
MinimumVisualStudioVersion = 10.0.40219.1
Project("{FAE04EC0-301F-11D3-BF4B-00C04F79EFBC}") = "LlmPractice", "LlmPractice.csproj", "{E31117D0-1960-4B08-9DFE-E95D862930E3}"
EndProject
Global
	GlobalSection(SolutionConfigurationPlatforms) = preSolution
		Debug|Any CPU = Debug|Any CPU
		Release|Any CPU = Release|Any CPU
	EndGlobalSection
	GlobalSection(ProjectConfigurationPlatforms) = postSolution
		{E31117D0-1960-4B08-9DFE-E95D862930E3}.Debug|Any CPU.ActiveCfg = Debug|Any CPU
		{E31117D0-1960-4B08-9DFE-E95D862930E3}.Debug|Any CPU.Build.0 = Debug|Any CPU
		{E31117D0-1960-4B08-9DFE-E95D862930E3}.Release|Any CPU.ActiveCfg = Release|Any CPU
		{E31117D0-1960-4B08-9DFE-E95D862930E3}.Release|Any CPU.Build.0 = Release|Any CPU
	EndGlobalSection
	GlobalSection(SolutionProperties) = preSolution
		HideSolutionNode = FALSE
	EndGlobalSection
	GlobalSection(ExtensibilityGlobals) = postSolution
		SolutionGuid = {435E9DFA-F304-4CD6-939E-C48EED35DC16}
	EndGlobalSection
EndGlobal
